
Microsoft Visual Studio Solution File, Format Version 12.00
# Visual Studio 15
VisualStudioVersion = 15.0.28307.1082
MinimumVisualStudioVersion = 10.0.40219.1
Project("{FAE04EC0-301F-11D3-BF4B-00C04F79EFBC}") = "00_不使用继承", "8_6_代码\00_不使用继承.csproj", "{D33D5C6E-255E-40ED-9A0C-4F197DED1276}"
EndProject
Project("{FAE04EC0-301F-11D3-BF4B-00C04F79EFBC}") = "01_使用继承", "01_使用继承\01_使用继承.csproj", "{13C8E188-3305-43BE-9D90-C9CADDFA245D}"
EndProject
Project("{FAE04EC0-301F-11D3-BF4B-00C04F79EFBC}") = "02_使用继承的练习", "02_使用继承的练习\02_使用继承的练习.csproj", "{4D3AFFD0-BB74-4444-971C-FC6CFB97486E}"
EndProject
Global
	GlobalSection(SolutionConfigurationPlatforms) = preSolution
		Debug|Any CPU = Debug|Any CPU
		Release|Any CPU = Release|Any CPU
	EndGlobalSection
	GlobalSection(ProjectConfigurationPlatforms) = postSolution
		{D33D5C6E-255E-40ED-9A0C-4F197DED1276}.Debug|Any CPU.ActiveCfg = Debug|Any CPU
		{D33D5C6E-255E-40ED-9A0C-4F197DED1276}.Debug|Any CPU.Build.0 = Debug|Any CPU
		{D33D5C6E-255E-40ED-9A0C-4F197DED1276}.Release|Any CPU.ActiveCfg = Release|Any CPU
		{D33D5C6E-255E-40ED-9A0C-4F197DED1276}.Release|Any CPU.Build.0 = Release|Any CPU
		{13C8E188-3305-43BE-9D90-C9CADDFA245D}.Debug|Any CPU.ActiveCfg = Debug|Any CPU
		{13C8E188-3305-43BE-9D90-C9CADDFA245D}.Debug|Any CPU.Build.0 = Debug|Any CPU
		{13C8E188-3305-43BE-9D90-C9CADDFA245D}.Release|Any CPU.ActiveCfg = Release|Any CPU
		{13C8E188-3305-43BE-9D90-C9CADDFA245D}.Release|Any CPU.Build.0 = Release|Any CPU
		{4D3AFFD0-BB74-4444-971C-FC6CFB97486E}.Debug|Any CPU.ActiveCfg = Debug|Any CPU
		{4D3AFFD0-BB74-4444-971C-FC6CFB97486E}.Debug|Any CPU.Build.0 = Debug|Any CPU
		{4D3AFFD0-BB74-4444-971C-FC6CFB97486E}.Release|Any CPU.ActiveCfg = Release|Any CPU
		{4D3AFFD0-BB74-4444-971C-FC6CFB97486E}.Release|Any CPU.Build.0 = Release|Any CPU
	EndGlobalSection
	GlobalSection(SolutionProperties) = preSolution
		HideSolutionNode = FALSE
	EndGlobalSection
	GlobalSection(ExtensibilityGlobals) = postSolution
		SolutionGuid = {8B5D2E41-9C44-48F5-971D-4E678B969F24}
	EndGlobalSection
EndGlobal
